# This file is automatically @generated by Cargo.
# It is not intended for manual editing.
[[package]]
name = "dep1"
version = "1.0.0"
source = "registry+https://github.com/rust-lang/crates.io-index"
dependencies = [
 "my-package 1.0.0 (registry+https://github.com/rust-lang/crates.io-index)",
]

[[package]]
name = "dep2"
version = "1.0.0"
source = "registry+https://github.com/rust-lang/crates.io-index"
dependencies = [
 "my-package 2.0.0 (registry+https://github.com/rust-lang/crates.io-index)",
]

[[package]]
name = "dep3"
version = "1.0.0"
source = "registry+https://github.com/rust-lang/crates.io-index"
dependencies = [
 "my-package 3.0.0 (registry+https://github.com/rust-lang/crates.io-index)",
]

[[package]]
name = "direct1"
version = "0.0.0"
dependencies = [
 "my-package 1.0.0 (registry+https://github.com/rust-lang/crates.io-index)",
]

[[package]]
name = "direct2"
version = "0.0.0"
dependencies = [
 "my-package 2.0.0 (registry+https://github.com/rust-lang/crates.io-index)",
]

[[package]]
name = "my-package"
version = "1.0.0"
source = "registry+https://github.com/rust-lang/crates.io-index"

[[package]]
name = "my-package"
version = "2.0.0"
source = "registry+https://github.com/rust-lang/crates.io-index"

[[package]]
name = "my-package"
version = "3.0.0"
source = "registry+https://github.com/rust-lang/crates.io-index"

[[package]]
name = "transitive1"
version = "0.0.0"
dependencies = [
 "dep1 1.0.0 (registry+https://github.com/rust-lang/crates.io-index)",
]

[[package]]
name = "transitive123"
version = "0.0.0"
dependencies = [
 "dep1 1.0.0 (registry+https://github.com/rust-lang/crates.io-index)",
 "dep2 1.0.0 (registry+https://github.com/rust-lang/crates.io-index)",
 "dep3 1.0.0 (registry+https://github.com/rust-lang/crates.io-index)",
]

[[package]]
name = "transitive2"
version = "0.0.0"
dependencies = [
 "dep2 1.0.0 (registry+https://github.com/rust-lang/crates.io-index)",
]

[metadata]
"checksum dep1 1.0.0 (registry+https://github.com/rust-lang/crates.io-index)" = "ad5d1a0cb2ca0bb8c8ed7623c0309c3b25092b11cb2d578e35ec8e5d280faa5c"
"checksum dep2 1.0.0 (registry+https://github.com/rust-lang/crates.io-index)" = "ed104779d80bde57bdbefd4bcd27e6948caab7f0b8ded30a5cb125a8cba814c8"
"checksum dep3 1.0.0 (registry+https://github.com/rust-lang/crates.io-index)" = "15fd0baaa7ffd9dd001841b029542f4744180449bc01fff2c40a6d2fd974457e"
"checksum my-package 1.0.0 (registry+https://github.com/rust-lang/crates.io-index)" = "3325a560d0542c9d7bc4a0737e74ea3734fd756a707fd50bea8bc0e5ad1ae74f"
"checksum my-package 2.0.0 (registry+https://github.com/rust-lang/crates.io-index)" = "597285c86228731859f5b5f08b11731cc5cb150d0a5373572522ff726cb97411"
"checksum my-package 3.0.0 (registry+https://github.com/rust-lang/crates.io-index)" = "3beee062f199bc0f6afc7e97e1518710462b921272773202d8636a59a12a791a"
