# This file is automatically @generated by Cargo.
# It is not intended for manual editing.
[[package]]
name = "dep1"
version = "1.0.0"
source = "registry+https://github.com/rust-lang/crates.io-index"
dependencies = [
 "my-package 1.0.0 (registry+https://github.com/rust-lang/crates.io-index)",
]

[[package]]
name = "dep2"
version = "1.0.0"
source = "registry+https://github.com/rust-lang/crates.io-index"
dependencies = [
 "my-package 2.0.0 (registry+https://github.com/rust-lang/crates.io-index)",
]

[[package]]
name = "dep3"
version = "1.0.0"
source = "registry+https://github.com/rust-lang/crates.io-index"
dependencies = [
 "my-package 3.0.0 (registry+https://github.com/rust-lang/crates.io-index)",
]

[[package]]
name = "direct1"
version = "0.0.0"
dependencies = [
 "my-package 1.0.0 (registry+https://github.com/rust-lang/crates.io-index)",
]

[[package]]
name = "direct2"
version = "0.0.0"
dependencies = [
 "my-package 2.0.0 (registry+https://github.com/rust-lang/crates.io-index)",
]

[[package]]
name = "my-package"
version = "1.0.0"
source = "registry+https://github.com/rust-lang/crates.io-index"

[[package]]
name = "my-package"
version = "2.0.0"
source = "registry+https://github.com/rust-lang/crates.io-index"

[[package]]
name = "my-package"
version = "3.0.0"
source = "registry+https://github.com/rust-lang/crates.io-index"

[[package]]
name = "transitive1"
version = "0.0.0"
dependencies = [
 "dep1 1.0.0 (registry+https://github.com/rust-lang/crates.io-index)",
]

[[package]]
name = "transitive123"
version = "0.0.0"
dependencies = [
 "dep1 1.0.0 (registry+https://github.com/rust-lang/crates.io-index)",
 "dep2 1.0.0 (registry+https://github.com/rust-lang/crates.io-index)",
 "dep3 1.0.0 (registry+https://github.com/rust-lang/crates.io-index)",
]

[[package]]
name = "transitive2"
version = "0.0.0"
dependencies = [
 "dep2 1.0.0 (registry+https://github.com/rust-lang/crates.io-index)",
]

[metadata]
"checksum dep1 1.0.0 (registry+https://github.com/rust-lang/crates.io-index)" = "04d8b4f31fd5567a6fdff0ed6e8cefef7cf3e6c78901da2fc30d8d5e29234e6b"
"checksum dep2 1.0.0 (registry+https://github.com/rust-lang/crates.io-index)" = "89c67d07ff6ba145890649315b474c237e1ae6ebc52f4a975e2faacaca90e022"
"checksum dep3 1.0.0 (registry+https://github.com/rust-lang/crates.io-index)" = "eaa4f0d447e37f991ed1a95b64f344525f57e26cf3583b0f540d78c98924d176"
"checksum my-package 1.0.0 (registry+https://github.com/rust-lang/crates.io-index)" = "7e14eaabf99a0a524c663f4877b800c8cc326688b164d02f852e6bddc5638791"
"checksum my-package 2.0.0 (registry+https://github.com/rust-lang/crates.io-index)" = "d359681509e8f342b300242a33e406eb8ff16e1c5781de4ea4bf5e9ee6c9d931"
"checksum my-package 3.0.0 (registry+https://github.com/rust-lang/crates.io-index)" = "9028f7c57d3e7f5a8f999cb88de5cd64a79fd172d220ce2f3a1a4f28037ffe4b"
