# This file is automatically @generated by Cargo.
# It is not intended for manual editing.
version = 3

[[package]]
name = "cargo-list-test-fixture"
version = "0.0.0"
dependencies = [
 "my-package",
 "unrelateed-crate",
]

[[package]]
name = "unrelateed-crate"
version = "0.2.0+my-package"
source = "registry+https://github.com/rust-lang/crates.io-index"
checksum = "266de4849a570b5dfda5e8e082a2aff885e9d2d4965dae8f8b6c8535e1ec731f"
