# This file is automatically @generated by Cargo.
# It is not intended for manual editing.
version = 4

[[package]]
name = "cargo-list-test-fixture"
version = "0.0.0"
dependencies = [
 "my-package",
 "unrelateed-crate",
]

[[package]]
name = "unrelateed-crate"
version = "0.2.0+my-package"
source = "registry+https://github.com/rust-lang/crates.io-index"
checksum = "b16af1a8ba7e4331ca62d945483a3028c2afbbe06a7f2ffaa0a3538ef0a7d63e"
