# This file is automatically @generated by Cargo.
# It is not intended for manual editing.
version = 4

[[package]]
name = "cargo-list-test-fixture"
version = "0.0.0"
dependencies = [
 "my-package",
 "unrelateed-crate",
]

[[package]]
name = "unrelateed-crate"
version = "0.2.0+my-package"
source = "registry+https://github.com/rust-lang/crates.io-index"
checksum = "ab9bcb03df75fcba470549967100c58f77794e1721b987c3ef561ceb5ff37689"
