# This file is automatically @generated by Cargo.
# It is not intended for manual editing.
version = 4

[[package]]
name = "cargo-remove-test-fixture"
version = "0.1.0"
dependencies = [
 "clippy",
 "docopt",
 "regex",
 "rustc-serialize",
 "semver",
 "serde",
 "toml",
]

[[package]]
name = "clippy"
version = "0.4.1+my-package"
source = "registry+https://github.com/rust-lang/crates.io-index"
checksum = "361a17c5973f080da56ec9e935ba3d7c26d6f4420a77d6f32af614cc7ab8c05a"

[[package]]
name = "docopt"
version = "0.6.2+my-package"
source = "registry+https://github.com/rust-lang/crates.io-index"
checksum = "40f86a53a77e66eeb6f6c5b60492f83a9e3cce31070b1a8fd06536cd1613a4d8"

[[package]]
name = "regex"
version = "0.1.1+my-package"
source = "registry+https://github.com/rust-lang/crates.io-index"
checksum = "cac06f5223a615e35001725f1ea80158fcf16119da48a06c89f8aece2266d904"

[[package]]
name = "rustc-serialize"
version = "0.4.0+my-package"
source = "registry+https://github.com/rust-lang/crates.io-index"
checksum = "c726e91bab74d6f6361f75d4feadfbd052ee1353eac041aa85e732ee1b155215"

[[package]]
name = "semver"
version = "0.1.1"
source = "registry+https://github.com/rust-lang/crates.io-index"
checksum = "0c91d844d2725f9540f93a60b3ae204c9dffe17de96d77c4bb0da42cc1e56dc3"

[[package]]
name = "serde"
version = "1.0.90"
source = "registry+https://github.com/rust-lang/crates.io-index"
checksum = "d1cfba94cf07cdf199adaa091379fde0e09819e8f00764c3cae1c4f7a4ee15fa"

[[package]]
name = "toml"
version = "0.1.1+my-package"
source = "registry+https://github.com/rust-lang/crates.io-index"
checksum = "02831f5db37072e8ac66fa3c172b3427cdd0f748f547682a3e5c61a7ecc78539"
