# This file is automatically @generated by Cargo.
# It is not intended for manual editing.
version = 3

[[package]]
name = "cargo-remove-test-fixture"
version = "0.1.0"
dependencies = [
 "clippy",
 "docopt",
 "regex",
 "rustc-serialize",
 "semver",
 "serde",
 "toml",
]

[[package]]
name = "clippy"
version = "0.4.1+my-package"
source = "registry+https://github.com/rust-lang/crates.io-index"
checksum = "47ced0eda54e9ddc6063f0e1d0164493cd16c84c6b6a0329a536967c44e205f7"

[[package]]
name = "docopt"
version = "0.6.2+my-package"
source = "registry+https://github.com/rust-lang/crates.io-index"
checksum = "b600540c4fafb27bf6e6961f0f1e6f547c9d6126ce581ab3a92f878c8e2c9a2c"

[[package]]
name = "regex"
version = "0.1.1+my-package"
source = "registry+https://github.com/rust-lang/crates.io-index"
checksum = "84949cb53285a6c481d0133065a7b669871acfd9e20f273f4ce1283c309775d5"

[[package]]
name = "rustc-serialize"
version = "0.4.1+my-package"
source = "registry+https://github.com/rust-lang/crates.io-index"
checksum = "31162e7d23a085553c42dee375787b451a481275473f7779c4a63bcc267a24fd"

[[package]]
name = "semver"
version = "0.1.1"
source = "registry+https://github.com/rust-lang/crates.io-index"
checksum = "3031434e07edc922bf1b8262f075fac1522694f17b1ee7ad314c4cabd5d2723f"

[[package]]
name = "serde"
version = "1.0.90"
source = "registry+https://github.com/rust-lang/crates.io-index"
checksum = "75d9264696ebbf5315a6b068e9910c4df9274365afac2d88abf66525df660218"

[[package]]
name = "toml"
version = "0.1.1+my-package"
source = "registry+https://github.com/rust-lang/crates.io-index"
checksum = "a0f6c7804525ce0a968ef270e55a516cf4bdcf1fea0b09d130e0aa34a66745b3"
