# This file is automatically @generated by Cargo.
# It is not intended for manual editing.
version = 4

[[package]]
name = "cargo-list-test-fixture"
version = "0.2.0"
dependencies = [
 "my-package",
]

[[package]]
name = "my-package"
version = "0.1.1+my-package"
source = "registry+https://github.com/rust-lang/crates.io-index"
checksum = "61758fedb08b81e9c6967f0661a54feb83fb38eb4bde3614119fbc1d03c1cedf"
