# This file is automatically @generated by Cargo.
# It is not intended for manual editing.
version = 3

[[package]]
name = "cargo-list-test-fixture"
version = "0.0.0"
dependencies = [
 "my-package",
]

[[package]]
name = "my-package"
version = "99999.0.0+my-package"
source = "registry+https://github.com/rust-lang/crates.io-index"
checksum = "62c45acf9e11d2f97f5b318143219c0b4102eafef1c22a4b545b47104691d915"
